
Microsoft Visual Studio Solution File, Format Version 12.00
# Visual Studio 2012
Project("{FAE04EC0-301F-11D3-BF4B-00C04F79EFBC}") = "Ravioli.Web.UI", "Ravioli.Web.UI\Ravioli.Web.UI.csproj", "{A3D2A28F-D841-4C26-B7D1-3EA4EE1CD4CC}"
EndProject
Project("{FAE04EC0-301F-11D3-BF4B-00C04F79EFBC}") = "Ravioli.DAL", "Ravioli.DAL\Ravioli.DAL.csproj", "{AB49B3F3-79C4-4814-A232-9D10A0B5ECAA}"
EndProject
Global
	GlobalSection(SolutionConfigurationPlatforms) = preSolution
		Debug|Any CPU = Debug|Any CPU
		Release|Any CPU = Release|Any CPU
	EndGlobalSection
	GlobalSection(ProjectConfigurationPlatforms) = postSolution
		{A3D2A28F-D841-4C26-B7D1-3EA4EE1CD4CC}.Debug|Any CPU.ActiveCfg = Debug|Any CPU
		{A3D2A28F-D841-4C26-B7D1-3EA4EE1CD4CC}.Debug|Any CPU.Build.0 = Debug|Any CPU
		{A3D2A28F-D841-4C26-B7D1-3EA4EE1CD4CC}.Release|Any CPU.ActiveCfg = Release|Any CPU
		{A3D2A28F-D841-4C26-B7D1-3EA4EE1CD4CC}.Release|Any CPU.Build.0 = Release|Any CPU
		{AB49B3F3-79C4-4814-A232-9D10A0B5ECAA}.Debug|Any CPU.ActiveCfg = Debug|Any CPU
		{AB49B3F3-79C4-4814-A232-9D10A0B5ECAA}.Debug|Any CPU.Build.0 = Debug|Any CPU
		{AB49B3F3-79C4-4814-A232-9D10A0B5ECAA}.Release|Any CPU.ActiveCfg = Release|Any CPU
		{AB49B3F3-79C4-4814-A232-9D10A0B5ECAA}.Release|Any CPU.Build.0 = Release|Any CPU
	EndGlobalSection
	GlobalSection(SolutionProperties) = preSolution
		HideSolutionNode = FALSE
	EndGlobalSection
EndGlobal
